
Microsoft Visual Studio Solution File, Format Version 12.00
# Visual Studio Version 17
VisualStudioVersion = 17.3.32819.101
MinimumVisualStudioVersion = 10.0.40219.1
Project("{FAE04EC0-301F-11D3-BF4B-00C04F79EFBC}") = "mis-421-assignment-2-jquery-and-ajax-jpbrown17-webapp", "mis-421-assignment-2-jquery-and-ajax-jpbrown17-webapp\mis-421-assignment-2-jquery-and-ajax-jpbrown17-webapp.csproj", "{F945F6FD-5758-4D7F-8B22-4D3487648CC0}"
EndProject
Global
	GlobalSection(SolutionConfigurationPlatforms) = preSolution
		Debug|Any CPU = Debug|Any CPU
		Release|Any CPU = Release|Any CPU
	EndGlobalSection
	GlobalSection(ProjectConfigurationPlatforms) = postSolution
		{F945F6FD-5758-4D7F-8B22-4D3487648CC0}.Debug|Any CPU.ActiveCfg = Debug|Any CPU
		{F945F6FD-5758-4D7F-8B22-4D3487648CC0}.Debug|Any CPU.Build.0 = Debug|Any CPU
		{F945F6FD-5758-4D7F-8B22-4D3487648CC0}.Release|Any CPU.ActiveCfg = Release|Any CPU
		{F945F6FD-5758-4D7F-8B22-4D3487648CC0}.Release|Any CPU.Build.0 = Release|Any CPU
	EndGlobalSection
	GlobalSection(SolutionProperties) = preSolution
		HideSolutionNode = FALSE
	EndGlobalSection
	GlobalSection(ExtensibilityGlobals) = postSolution
		SolutionGuid = {C61CE6D1-6F4D-4BB8-8D3C-73CC727F890C}
	EndGlobalSection
EndGlobal
